// !$*UTF8*$!
{
	archiveVersion = 1;
	classes = {
	};
	objectVersion = 46;
	objects = {

/* Begin PBXBuildFile section */
		528D84A51C63EACC00EE0B36 /* AppDelegate.swift in Sources */ = {isa = PBXBuildFile; fileRef = 528D84A41C63EACC00EE0B36 /* AppDelegate.swift */; };
		528D84A71C63EACC00EE0B36 /* ViewController.swift in Sources */ = {isa = PBXBuildFile; fileRef = 528D84A61C63EACC00EE0B36 /* ViewController.swift */; };
		528D84AA1C63EACC00EE0B36 /* Main.storyboard in Resources */ = {isa = PBXBuildFile; fileRef = 528D84A81C63EACC00EE0B36 /* Main.storyboard */; };
		528D84AD1C63EACC00EE0B36 /* FPMacys.xcdatamodeld in Sources */ = {isa = PBXBuildFile; fileRef = 528D84AB1C63EACC00EE0B36 /* FPMacys.xcdatamodeld */; };
		528D84AF1C63EACC00EE0B36 /* Assets.xcassets in Resources */ = {isa = PBXBuildFile; fileRef = 528D84AE1C63EACC00EE0B36 /* Assets.xcassets */; };
		528D84B21C63EACC00EE0B36 /* LaunchScreen.storyboard in Resources */ = {isa = PBXBuildFile; fileRef = 528D84B01C63EACC00EE0B36 /* LaunchScreen.storyboard */; };
		528D84BD1C63EACD00EE0B36 /* FPMacysTests.swift in Sources */ = {isa = PBXBuildFile; fileRef = 528D84BC1C63EACD00EE0B36 /* FPMacysTests.swift */; };
		528D84C81C63EACD00EE0B36 /* FPMacysUITests.swift in Sources */ = {isa = PBXBuildFile; fileRef = 528D84C71C63EACD00EE0B36 /* FPMacysUITests.swift */; };
/* End PBXBuildFile section */

/* Begin PBXContainerItemProxy section */
		528D84B91C63EACC00EE0B36 /* PBXContainerItemProxy */ = {
			isa = PBXContainerItemProxy;
			containerPortal = 528D84991C63EACC00EE0B36 /* Project object */;
			proxyType = 1;
			remoteGlobalIDString = 528D84A01C63EACC00EE0B36;
			remoteInfo = FPMacys;
		};
		528D84C41C63EACD00EE0B36 /* PBXContainerItemProxy */ = {
			isa = PBXContainerItemProxy;
			containerPortal = 528D84991C63EACC00EE0B36 /* Project object */;
			proxyType = 1;
			remoteGlobalIDString = 528D84A01C63EACC00EE0B36;
			remoteInfo = FPMacys;
		};
/* End PBXContainerItemProxy section */

/* Begin PBXFileReference section */
		528D84A11C63EACC00EE0B36 /* FPMacys.app */ = {isa = PBXFileReference; explicitFileType = wrapper.application; includeInIndex = 0; path = FPMacys.app; sourceTree = BUILT_PRODUCTS_DIR; };
		528D84A41C63EACC00EE0B36 /* AppDelegate.swift */ = {isa = PBXFileReference; lastKnownFileType = sourcecode.swift; path = AppDelegate.swift; sourceTree = "<group>"; };
		528D84A61C63EACC00EE0B36 /* ViewController.swift */ = {isa = PBXFileReference; lastKnownFileType = sourcecode.swift; path = ViewController.swift; sourceTree = "<group>"; };
		528D84A91C63EACC00EE0B36 /* Base */ = {isa = PBXFileReference; lastKnownFileType = file.storyboard; name = Base; path = Base.lproj/Main.storyboard; sourceTree = "<group>"; };
		528D84AC1C63EACC00EE0B36 /* FPMacys.xcdatamodel */ = {isa = PBXFileReference; lastKnownFileType = wrapper.xcdatamodel; path = FPMacys.xcdatamodel; sourceTree = "<group>"; };
		528D84AE1C63EACC00EE0B36 /* Assets.xcassets */ = {isa = PBXFileReference; lastKnownFileType = folder.assetcatalog; path = Assets.xcassets; sourceTree = "<group>"; };
		528D84B11C63EACC00EE0B36 /* Base */ = {isa = PBXFileReference; lastKnownFileType = file.storyboard; name = Base; path = Base.lproj/LaunchScreen.storyboard; sourceTree = "<group>"; };
		528D84B31C63EACC00EE0B36 /* Info.plist */ = {isa = PBXFileReference; lastKnownFileType = text.plist.xml; path = Info.plist; sourceTree = "<group>"; };
		528D84B81C63EACC00EE0B36 /* FPMacysTests.xctest */ = {isa = PBXFileReference; explicitFileType = wrapper.cfbundle; includeInIndex = 0; path = FPMacysTests.xctest; sourceTree = BUILT_PRODUCTS_DIR; };
		528D84BC1C63EACD00EE0B36 /* FPMacysTests.swift */ = {isa = PBXFileReference; lastKnownFileType = sourcecode.swift; path = FPMacysTests.swift; sourceTree = "<group>"; };
		528D84BE1C63EACD00EE0B36 /* Info.plist */ = {isa = PBXFileReference; lastKnownFileType = text.plist.xml; path = Info.plist; sourceTree = "<group>"; };
		528D84C31C63EACD00EE0B36 /* FPMacysUITests.xctest */ = {isa = PBXFileReference; explicitFileType = wrapper.cfbundle; includeInIndex = 0; path = FPMacysUITests.xctest; sourceTree = BUILT_PRODUCTS_DIR; };
		528D84C71C63EACD00EE0B36 /* FPMacysUITests.swift */ = {isa = PBXFileReference; lastKnownFileType = sourcecode.swift; path = FPMacysUITests.swift; sourceTree = "<group>"; };
		528D84C91C63EACD00EE0B36 /* Info.plist */ = {isa = PBXFileReference; lastKnownFileType = text.plist.xml; path = Info.plist; sourceTree = "<group>"; };
/* End PBXFileReference section */

/* Begin PBXFrameworksBuildPhase section */
		528D849E1C63EACC00EE0B36 /* Frameworks */ = {
			isa = PBXFrameworksBuildPhase;
			buildActionMask = 2147483647;
			files = (
			);
			runOnlyForDeploymentPostprocessing = 0;
		};
		528D84B51C63EACC00EE0B36 /* Frameworks */ = {
			isa = PBXFrameworksBuildPhase;
			buildActionMask = 2147483647;
			files = (
			);
			runOnlyForDeploymentPostprocessing = 0;
		};
		528D84C01C63EACD00EE0B36 /* Frameworks */ = {
			isa = PBXFrameworksBuildPhase;
			buildActionMask = 2147483647;
			files = (
			);
			runOnlyForDeploymentPostprocessing = 0;
		};
/* End PBXFrameworksBuildPhase section */

/* Begin PBXGroup section */
		528D84981C63EACC00EE0B36 = {
			isa = PBXGroup;
			children = (
				528D84A31C63EACC00EE0B36 /* FPMacys */,
				528D84BB1C63EACD00EE0B36 /* FPMacysTests */,
				528D84C61C63EACD00EE0B36 /* FPMacysUITests */,
				528D84A21C63EACC00EE0B36 /* Products */,
			);
			sourceTree = "<group>";
		};
		528D84A21C63EACC00EE0B36 /* Products */ = {
			isa = PBXGroup;
			children = (
				528D84A11C63EACC00EE0B36 /* FPMacys.app */,
				528D84B81C63EACC00EE0B36 /* FPMacysTests.xctest */,
				528D84C31C63EACD00EE0B36 /* FPMacysUITests.xctest */,
			);
			name = Products;
			sourceTree = "<group>";
		};
		528D84A31C63EACC00EE0B36 /* FPMacys */ = {
			isa = PBXGroup;
			children = (
				528D84A41C63EACC00EE0B36 /* AppDelegate.swift */,
				528D84A61C63EACC00EE0B36 /* ViewController.swift */,
				528D84A81C63EACC00EE0B36 /* Main.storyboard */,
				528D84AE1C63EACC00EE0B36 /* Assets.xcassets */,
				528D84B01C63EACC00EE0B36 /* LaunchScreen.storyboard */,
				528D84B31C63EACC00EE0B36 /* Info.plist */,
				528D84AB1C63EACC00EE0B36 /* FPMacys.xcdatamodeld */,
			);
			path = FPMacys;
			sourceTree = "<group>";
		};
		528D84BB1C63EACD00EE0B36 /* FPMacysTests */ = {
			isa = PBXGroup;
			children = (
				528D84BC1C63EACD00EE0B36 /* FPMacysTests.swift */,
				528D84BE1C63EACD00EE0B36 /* Info.plist */,
			);
			path = FPMacysTests;
			sourceTree = "<group>";
		};
		528D84C61C63EACD00EE0B36 /* FPMacysUITests */ = {
			isa = PBXGroup;
			children = (
				528D84C71C63EACD00EE0B36 /* FPMacysUITests.swift */,
				528D84C91C63EACD00EE0B36 /* Info.plist */,
			);
			path = FPMacysUITests;
			sourceTree = "<group>";
		};
/* End PBXGroup section */

/* Begin PBXNativeTarget section */
		528D84A01C63EACC00EE0B36 /* FPMacys */ = {
			isa = PBXNativeTarget;
			buildConfigurationList = 528D84CC1C63EACD00EE0B36 /* Build configuration list for PBXNativeTarget "FPMacys" */;
			buildPhases = (
				528D849D1C63EACC00EE0B36 /* Sources */,
				528D849E1C63EACC00EE0B36 /* Frameworks */,
				528D849F1C63EACC00EE0B36 /* Resources */,
			);
			buildRules = (
			);
			dependencies = (
			);
			name = FPMacys;
			productName = FPMacys;
			productReference = 528D84A11C63EACC00EE0B36 /* FPMacys.app */;
			productType = "com.apple.product-type.application";
		};
		528D84B71C63EACC00EE0B36 /* FPMacysTests */ = {
			isa = PBXNativeTarget;
			buildConfigurationList = 528D84CF1C63EACD00EE0B36 /* Build configuration list for PBXNativeTarget "FPMacysTests" */;
			buildPhases = (
				528D84B41C63EACC00EE0B36 /* Sources */,
				528D84B51C63EACC00EE0B36 /* Frameworks */,
				528D84B61C63EACC00EE0B36 /* Resources */,
			);
			buildRules = (
			);
			dependencies = (
				528D84BA1C63EACC00EE0B36 /* PBXTargetDependency */,
			);
			name = FPMacysTests;
			productName = FPMacysTests;
			productReference = 528D84B81C63EACC00EE0B36 /* FPMacysTests.xctest */;
			productType = "com.apple.product-type.bundle.unit-test";
		};
		528D84C21C63EACD00EE0B36 /* FPMacysUITests */ = {
			isa = PBXNativeTarget;
			buildConfigurationList = 528D84D21C63EACD00EE0B36 /* Build configuration list for PBXNativeTarget "FPMacysUITests" */;
			buildPhases = (
				528D84BF1C63EACD00EE0B36 /* Sources */,
				528D84C01C63EACD00EE0B36 /* Frameworks */,
				528D84C11C63EACD00EE0B36 /* Resources */,
			);
			buildRules = (
			);
			dependencies = (
				528D84C51C63EACD00EE0B36 /* PBXTargetDependency */,
			);
			name = FPMacysUITests;
			productName = FPMacysUITests;
			productReference = 528D84C31C63EACD00EE0B36 /* FPMacysUITests.xctest */;
			productType = "com.apple.product-type.bundle.ui-testing";
		};
/* End PBXNativeTarget section */

/* Begin PBXProject section */
		528D84991C63EACC00EE0B36 /* Project object */ = {
			isa = PBXProject;
			attributes = {
				LastSwiftUpdateCheck = 0720;
				LastUpgradeCheck = 0720;
				ORGANIZATIONNAME = "Macy's, Inc.";
				TargetAttributes = {
					528D84A01C63EACC00EE0B36 = {
						CreatedOnToolsVersion = 7.2;
					};
					528D84B71C63EACC00EE0B36 = {
						CreatedOnToolsVersion = 7.2;
						TestTargetID = 528D84A01C63EACC00EE0B36;
					};
					528D84C21C63EACD00EE0B36 = {
						CreatedOnToolsVersion = 7.2;
						TestTargetID = 528D84A01C63EACC00EE0B36;
					};
				};
			};
			buildConfigurationList = 528D849C1C63EACC00EE0B36 /* Build configuration list for PBXProject "FPMacys" */;
			compatibilityVersion = "Xcode 3.2";
			developmentRegion = English;
			hasScannedForEncodings = 0;
			knownRegions = (
				en,
				Base,
			);
			mainGroup = 528D84981C63EACC00EE0B36;
			productRefGroup = 528D84A21C63EACC00EE0B36 /* Products */;
			projectDirPath = "";
			projectRoot = "";
			targets = (
				528D84A01C63EACC00EE0B36 /* FPMacys */,
				528D84B71C63EACC00EE0B36 /* FPMacysTests */,
				528D84C21C63EACD00EE0B36 /* FPMacysUITests */,
			);
		};
/* End PBXProject section */

/* Begin PBXResourcesBuildPhase section */
		528D849F1C63EACC00EE0B36 /* Resources */ = {
			isa = PBXResourcesBuildPhase;
			buildActionMask = 2147483647;
			files = (
				528D84B21C63EACC00EE0B36 /* LaunchScreen.storyboard in Resources */,
				528D84AF1C63EACC00EE0B36 /* Assets.xcassets in Resources */,
				528D84AA1C63EACC00EE0B36 /* Main.storyboard in Resources */,
			);
			runOnlyForDeploymentPostprocessing = 0;
		};
		528D84B61C63EACC00EE0B36 /* Resources */ = {
			isa = PBXResourcesBuildPhase;
			buildActionMask = 2147483647;
			files = (
			);
			runOnlyForDeploymentPostprocessing = 0;
		};
		528D84C11C63EACD00EE0B36 /* Resources */ = {
			isa = PBXResourcesBuildPhase;
			buildActionMask = 2147483647;
			files = (
			);
			runOnlyForDeploymentPostprocessing = 0;
		};
/* End PBXResourcesBuildPhase section */

/* Begin PBXSourcesBuildPhase section */
		528D849D1C63EACC00EE0B36 /* Sources */ = {
			isa = PBXSourcesBuildPhase;
			buildActionMask = 2147483647;
			files = (
				528D84AD1C63EACC00EE0B36 /* FPMacys.xcdatamodeld in Sources */,
				528D84A71C63EACC00EE0B36 /* ViewController.swift in Sources */,
				528D84A51C63EACC00EE0B36 /* AppDelegate.swift in Sources */,
			);
			runOnlyForDeploymentPostprocessing = 0;
		};
		528D84B41C63EACC00EE0B36 /* Sources */ = {
			isa = PBXSourcesBuildPhase;
			buildActionMask = 2147483647;
			files = (
				528D84BD1C63EACD00EE0B36 /* FPMacysTests.swift in Sources */,
			);
			runOnlyForDeploymentPostprocessing = 0;
		};
		528D84BF1C63EACD00EE0B36 /* Sources */ = {
			isa = PBXSourcesBuildPhase;
			buildActionMask = 2147483647;
			files = (
				528D84C81C63EACD00EE0B36 /* FPMacysUITests.swift in Sources */,
			);
			runOnlyForDeploymentPostprocessing = 0;
		};
/* End PBXSourcesBuildPhase section */

/* Begin PBXTargetDependency section */
		528D84BA1C63EACC00EE0B36 /* PBXTargetDependency */ = {
			isa = PBXTargetDependency;
			target = 528D84A01C63EACC00EE0B36 /* FPMacys */;
			targetProxy = 528D84B91C63EACC00EE0B36 /* PBXContainerItemProxy */;
		};
		528D84C51C63EACD00EE0B36 /* PBXTargetDependency */ = {
			isa = PBXTargetDependency;
			target = 528D84A01C63EACC00EE0B36 /* FPMacys */;
			targetProxy = 528D84C41C63EACD00EE0B36 /* PBXContainerItemProxy */;
		};
/* End PBXTargetDependency section */

/* Begin PBXVariantGroup section */
		528D84A81C63EACC00EE0B36 /* Main.storyboard */ = {
			isa = PBXVariantGroup;
			children = (
				528D84A91C63EACC00EE0B36 /* Base */,
			);
			name = Main.storyboard;
			sourceTree = "<group>";
		};
		528D84B01C63EACC00EE0B36 /* LaunchScreen.storyboard */ = {
			isa = PBXVariantGroup;
			children = (
				528D84B11C63EACC00EE0B36 /* Base */,
			);
			name = LaunchScreen.storyboard;
			sourceTree = "<group>";
		};
/* End PBXVariantGroup section */

/* Begin XCBuildConfiguration section */
		528D84CA1C63EACD00EE0B36 /* Debug */ = {
			isa = XCBuildConfiguration;
			buildSettings = {
				ALWAYS_SEARCH_USER_PATHS = NO;
				CLANG_CXX_LANGUAGE_STANDARD = "gnu++0x";
				CLANG_CXX_LIBRARY = "libc++";
				CLANG_ENABLE_MODULES = YES;
				CLANG_ENABLE_OBJC_ARC = YES;
				CLANG_WARN_BOOL_CONVERSION = YES;
				CLANG_WARN_CONSTANT_CONVERSION = YES;
				CLANG_WARN_DIRECT_OBJC_ISA_USAGE = YES_ERROR;
				CLANG_WARN_EMPTY_BODY = YES;
				CLANG_WARN_ENUM_CONVERSION = YES;
				CLANG_WARN_INT_CONVERSION = YES;
				CLANG_WARN_OBJC_ROOT_CLASS = YES_ERROR;
				CLANG_WARN_UNREACHABLE_CODE = YES;
				CLANG_WARN__DUPLICATE_METHOD_MATCH = YES;
				"CODE_SIGN_IDENTITY[sdk=iphoneos*]" = "iPhone Developer";
				COPY_PHASE_STRIP = NO;
				DEBUG_INFORMATION_FORMAT = dwarf;
				ENABLE_STRICT_OBJC_MSGSEND = YES;
				ENABLE_TESTABILITY = YES;
				GCC_C_LANGUAGE_STANDARD = gnu99;
				GCC_DYNAMIC_NO_PIC = NO;
				GCC_NO_COMMON_BLOCKS = YES;
				GCC_OPTIMIZATION_LEVEL = 0;
				GCC_PREPROCESSOR_DEFINITIONS = (
					"DEBUG=1",
					"$(inherited)",
				);
				GCC_WARN_64_TO_32_BIT_CONVERSION = YES;
				GCC_WARN_ABOUT_RETURN_TYPE = YES_ERROR;
				GCC_WARN_UNDECLARED_SELECTOR = YES;
				GCC_WARN_UNINITIALIZED_AUTOS = YES_AGGRESSIVE;
				GCC_WARN_UNUSED_FUNCTION = YES;
				GCC_WARN_UNUSED_VARIABLE = YES;
				IPHONEOS_DEPLOYMENT_TARGET = 9.2;
				MTL_ENABLE_DEBUG_INFO = YES;
				ONLY_ACTIVE_ARCH = YES;
				SDKROOT = iphoneos;
				SWIFT_OPTIMIZATION_LEVEL = "-Onone";
				TARGETED_DEVICE_FAMILY = 2;
			};
			name = Debug;
		};
		528D84CB1C63EACD00EE0B36 /* Release */ = {
			isa = XCBuildConfiguration;
			buildSettings = {
				ALWAYS_SEARCH_USER_PATHS = NO;
				CLANG_CXX_LANGUAGE_STANDARD = "gnu++0x";
				CLANG_CXX_LIBRARY = "libc++";
				CLANG_ENABLE_MODULES = YES;
				CLANG_ENABLE_OBJC_ARC = YES;
				CLANG_WARN_BOOL_CONVERSION = YES;
				CLANG_WARN_CONSTANT_CONVERSION = YES;
				CLANG_WARN_DIRECT_OBJC_ISA_USAGE = YES_ERROR;
				CLANG_WARN_EMPTY_BODY = YES;
				CLANG_WARN_ENUM_CONVERSION = YES;
				CLANG_WARN_INT_CONVERSION = YES;
				CLANG_WARN_OBJC_ROOT_CLASS = YES_ERROR;
				CLANG_WARN_UNREACHABLE_CODE = YES;
				CLANG_WARN__DUPLICATE_METHOD_MATCH = YES;
				"CODE_SIGN_IDENTITY[sdk=iphoneos*]" = "iPhone Developer";
				COPY_PHASE_STRIP = NO;
				DEBUG_INFORMATION_FORMAT = "dwarf-with-dsym";
				ENABLE_NS_ASSERTIONS = NO;
				ENABLE_STRICT_OBJC_MSGSEND = YES;
				GCC_C_LANGUAGE_STANDARD = gnu99;
				GCC_NO_COMMON_BLOCKS = YES;
				GCC_WARN_64_TO_32_BIT_CONVERSION = YES;
				GCC_WARN_ABOUT_RETURN_TYPE = YES_ERROR;
				GCC_WARN_UNDECLARED_SELECTOR = YES;
				GCC_WARN_UNINITIALIZED_AUTOS = YES_AGGRESSIVE;
				GCC_WARN_UNUSED_FUNCTION = YES;
				GCC_WARN_UNUSED_VARIABLE = YES;
				IPHONEOS_DEPLOYMENT_TARGET = 9.2;
				MTL_ENABLE_DEBUG_INFO = NO;
				SDKROOT = iphoneos;
				TARGETED_DEVICE_FAMILY = 2;
				VALIDATE_PRODUCT = YES;
			};
			name = Release;
		};
		528D84CD1C63EACD00EE0B36 /* Debug */ = {
			isa = XCBuildConfiguration;
			buildSettings = {
				ASSETCATALOG_COMPILER_APPICON_NAME = AppIcon;
				INFOPLIST_FILE = FPMacys/Info.plist;
				LD_RUNPATH_SEARCH_PATHS = "$(inherited) @executable_path/Frameworks";
				PRODUCT_BUNDLE_IDENTIFIER = com.macys.FPMacys;
				PRODUCT_NAME = "$(TARGET_NAME)";
			};
			name = Debug;
		};
		528D84CE1C63EACD00EE0B36 /* Release */ = {
			isa = XCBuildConfiguration;
			buildSettings = {
				ASSETCATALOG_COMPILER_APPICON_NAME = AppIcon;
				INFOPLIST_FILE = FPMacys/Info.plist;
				LD_RUNPATH_SEARCH_PATHS = "$(inherited) @executable_path/Frameworks";
				PRODUCT_BUNDLE_IDENTIFIER = com.macys.FPMacys;
				PRODUCT_NAME = "$(TARGET_NAME)";
			};
			name = Release;
		};
		528D84D01C63EACD00EE0B36 /* Debug */ = {
			isa = XCBuildConfiguration;
			buildSettings = {
				BUNDLE_LOADER = "$(TEST_HOST)";
				INFOPLIST_FILE = FPMacysTests/Info.plist;
				LD_RUNPATH_SEARCH_PATHS = "$(inherited) @executable_path/Frameworks @loader_path/Frameworks";
				PRODUCT_BUNDLE_IDENTIFIER = com.macys.FPMacysTests;
				PRODUCT_NAME = "$(TARGET_NAME)";
				TEST_HOST = "$(BUILT_PRODUCTS_DIR)/FPMacys.app/FPMacys";
			};
			name = Debug;
		};
		528D84D11C63EACD00EE0B36 /* Release */ = {
			isa = XCBuildConfiguration;
			buildSettings = {
				BUNDLE_LOADER = "$(TEST_HOST)";
				INFOPLIST_FILE = FPMacysTests/Info.plist;
				LD_RUNPATH_SEARCH_PATHS = "$(inherited) @executable_path/Frameworks @loader_path/Frameworks";
				PRODUCT_BUNDLE_IDENTIFIER = com.macys.FPMacysTests;
				PRODUCT_NAME = "$(TARGET_NAME)";
				TEST_HOST = "$(BUILT_PRODUCTS_DIR)/FPMacys.app/FPMacys";
			};
			name = Release;
		};
		528D84D31C63EACD00EE0B36 /* Debug */ = {
			isa = XCBuildConfiguration;
			buildSettings = {
				INFOPLIST_FILE = FPMacysUITests/Info.plist;
				LD_RUNPATH_SEARCH_PATHS = "$(inherited) @executable_path/Frameworks @loader_path/Frameworks";
				PRODUCT_BUNDLE_IDENTIFIER = com.macys.FPMacysUITests;
				PRODUCT_NAME = "$(TARGET_NAME)";
				TEST_TARGET_NAME = FPMacys;
				USES_XCTRUNNER = YES;
			};
			name = Debug;
		};
		528D84D41C63EACD00EE0B36 /* Release */ = {
			isa = XCBuildConfiguration;
			buildSettings = {
				INFOPLIST_FILE = FPMacysUITests/Info.plist;
				LD_RUNPATH_SEARCH_PATHS = "$(inherited) @executable_path/Frameworks @loader_path/Frameworks";
				PRODUCT_BUNDLE_IDENTIFIER = com.macys.FPMacysUITests;
				PRODUCT_NAME = "$(TARGET_NAME)";
				TEST_TARGET_NAME = FPMacys;
				USES_XCTRUNNER = YES;
			};
			name = Release;
		};
/* End XCBuildConfiguration section */

/* Begin XCConfigurationList section */
		528D849C1C63EACC00EE0B36 /* Build configuration list for PBXProject "FPMacys" */ = {
			isa = XCConfigurationList;
			buildConfigurations = (
				528D84CA1C63EACD00EE0B36 /* Debug */,
				528D84CB1C63EACD00EE0B36 /* Release */,
			);
			defaultConfigurationIsVisible = 0;
			defaultConfigurationName = Release;
		};
		528D84CC1C63EACD00EE0B36 /* Build configuration list for PBXNativeTarget "FPMacys" */ = {
			isa = XCConfigurationList;
			buildConfigurations = (
				528D84CD1C63EACD00EE0B36 /* Debug */,
				528D84CE1C63EACD00EE0B36 /* Release */,
			);
			defaultConfigurationIsVisible = 0;
		};
		528D84CF1C63EACD00EE0B36 /* Build configuration list for PBXNativeTarget "FPMacysTests" */ = {
			isa = XCConfigurationList;
			buildConfigurations = (
				528D84D01C63EACD00EE0B36 /* Debug */,
				528D84D11C63EACD00EE0B36 /* Release */,
			);
			defaultConfigurationIsVisible = 0;
		};
		528D84D21C63EACD00EE0B36 /* Build configuration list for PBXNativeTarget "FPMacysUITests" */ = {
			isa = XCConfigurationList;
			buildConfigurations = (
				528D84D31C63EACD00EE0B36 /* Debug */,
				528D84D41C63EACD00EE0B36 /* Release */,
			);
			defaultConfigurationIsVisible = 0;
		};
/* End XCConfigurationList section */

/* Begin XCVersionGroup section */
		528D84AB1C63EACC00EE0B36 /* FPMacys.xcdatamodeld */ = {
			isa = XCVersionGroup;
			children = (
				528D84AC1C63EACC00EE0B36 /* FPMacys.xcdatamodel */,
			);
			currentVersion = 528D84AC1C63EACC00EE0B36 /* FPMacys.xcdatamodel */;
			path = FPMacys.xcdatamodeld;
			sourceTree = "<group>";
			versionGroupType = wrapper.xcdatamodel;
		};
/* End XCVersionGroup section */
	};
	rootObject = 528D84991C63EACC00EE0B36 /* Project object */;
}
